
Microsoft Visual Studio Solution File, Format Version 12.00
# Visual Studio 15
VisualStudioVersion = 15.0.26124.0
MinimumVisualStudioVersion = 15.0.26124.0
Project("{2150E333-8FDC-42A3-9474-1A3956D46DE8}") = "1.Domain", "1.Domain", "{533107FA-FCD1-4147-84A9-F77C1BBA3638}"
EndProject
Project("{FAE04EC0-301F-11D3-BF4B-00C04F79EFBC}") = "Company.Project.Domain.Entities", "1.Domain\Company.Project.Domain.Entities\Company.Project.Domain.Entities.csproj", "{1015A6F7-CF59-4634-80A3-4A957353B205}"
EndProject
Project("{FAE04EC0-301F-11D3-BF4B-00C04F79EFBC}") = "Company.Project.Domain.Interfaces", "1.Domain\Company.Project.Domain.Interfaces\Company.Project.Domain.Interfaces.csproj", "{D26DD7F8-063C-4D72-9D02-7534BFC9F9B2}"
EndProject
Project("{FAE04EC0-301F-11D3-BF4B-00C04F79EFBC}") = "Company.Project.Domain.Services", "1.Domain\Company.Project.Domain.Services\Company.Project.Domain.Services.csproj", "{18E1B7DF-4461-4D8F-A3D6-43E058D7E8F5}"
EndProject
Project("{2150E333-8FDC-42A3-9474-1A3956D46DE8}") = "2.Application", "2.Application", "{63D86219-3996-4E7A-92B1-DD27773A1FD2}"
EndProject
Project("{FAE04EC0-301F-11D3-BF4B-00C04F79EFBC}") = "Company.Project.Application.Interfaces", "2.Application\Company.Project.Application.Interfaces\Company.Project.Application.Interfaces.csproj", "{9F7E0BCF-F50C-4391-BACC-FE61CC376C22}"
EndProject
Project("{FAE04EC0-301F-11D3-BF4B-00C04F79EFBC}") = "Company.Project.Application.Services", "2.Application\Company.Project.Application.Services\Company.Project.Application.Services.csproj", "{4F4B00FB-A4BD-4C89-8ECF-C5DCB047DC70}"
EndProject
Project("{2150E333-8FDC-42A3-9474-1A3956D46DE8}") = "3.Infra", "3.Infra", "{7DC4AE31-6A26-4B4D-815A-029D735369FE}"
EndProject
Project("{FAE04EC0-301F-11D3-BF4B-00C04F79EFBC}") = "Company.Project.Infra.Data", "3.Infra\Company.Project.Infra.Data\Company.Project.Infra.Data.csproj", "{ADCBFD41-5783-4EFD-AA21-551FC3E527C0}"
EndProject
Project("{FAE04EC0-301F-11D3-BF4B-00C04F79EFBC}") = "Company.Project.Infra.IoC", "3.Infra\Company.Project.Infra.IoC\Company.Project.Infra.IoC.csproj", "{48AC4F3C-EC8D-48BB-A27F-6F0A4AD6AD95}"
EndProject
Project("{FAE04EC0-301F-11D3-BF4B-00C04F79EFBC}") = "Company.Project.Infra.Utils", "3.Infra\Company.Project.Infra.Utils\Company.Project.Infra.Utils.csproj", "{A70309E6-BCA0-4C5E-BFEA-8C82E0679606}"
EndProject
Project("{2150E333-8FDC-42A3-9474-1A3956D46DE8}") = "4.UI", "4.UI", "{7E8B11EE-FE3A-413A-A1CD-C5F3DE46C30B}"
EndProject
Project("{FAE04EC0-301F-11D3-BF4B-00C04F79EFBC}") = "Company.Project.UI", "4.UI\Company.Project.UI\Company.Project.UI.csproj", "{AE949C39-116B-4A4D-8E1D-D7AB19982474}"
EndProject
Global
	GlobalSection(SolutionConfigurationPlatforms) = preSolution
		Debug|Any CPU = Debug|Any CPU
		Debug|x64 = Debug|x64
		Debug|x86 = Debug|x86
		Release|Any CPU = Release|Any CPU
		Release|x64 = Release|x64
		Release|x86 = Release|x86
	EndGlobalSection
	GlobalSection(SolutionProperties) = preSolution
		HideSolutionNode = FALSE
	EndGlobalSection
	GlobalSection(ProjectConfigurationPlatforms) = postSolution
		{1015A6F7-CF59-4634-80A3-4A957353B205}.Debug|Any CPU.ActiveCfg = Debug|Any CPU
		{1015A6F7-CF59-4634-80A3-4A957353B205}.Debug|Any CPU.Build.0 = Debug|Any CPU
		{1015A6F7-CF59-4634-80A3-4A957353B205}.Debug|x64.ActiveCfg = Debug|Any CPU
		{1015A6F7-CF59-4634-80A3-4A957353B205}.Debug|x64.Build.0 = Debug|Any CPU
		{1015A6F7-CF59-4634-80A3-4A957353B205}.Debug|x86.ActiveCfg = Debug|Any CPU
		{1015A6F7-CF59-4634-80A3-4A957353B205}.Debug|x86.Build.0 = Debug|Any CPU
		{1015A6F7-CF59-4634-80A3-4A957353B205}.Release|Any CPU.ActiveCfg = Release|Any CPU
		{1015A6F7-CF59-4634-80A3-4A957353B205}.Release|Any CPU.Build.0 = Release|Any CPU
		{1015A6F7-CF59-4634-80A3-4A957353B205}.Release|x64.ActiveCfg = Release|Any CPU
		{1015A6F7-CF59-4634-80A3-4A957353B205}.Release|x64.Build.0 = Release|Any CPU
		{1015A6F7-CF59-4634-80A3-4A957353B205}.Release|x86.ActiveCfg = Release|Any CPU
		{1015A6F7-CF59-4634-80A3-4A957353B205}.Release|x86.Build.0 = Release|Any CPU
		{D26DD7F8-063C-4D72-9D02-7534BFC9F9B2}.Debug|Any CPU.ActiveCfg = Debug|Any CPU
		{D26DD7F8-063C-4D72-9D02-7534BFC9F9B2}.Debug|Any CPU.Build.0 = Debug|Any CPU
		{D26DD7F8-063C-4D72-9D02-7534BFC9F9B2}.Debug|x64.ActiveCfg = Debug|Any CPU
		{D26DD7F8-063C-4D72-9D02-7534BFC9F9B2}.Debug|x64.Build.0 = Debug|Any CPU
		{D26DD7F8-063C-4D72-9D02-7534BFC9F9B2}.Debug|x86.ActiveCfg = Debug|Any CPU
		{D26DD7F8-063C-4D72-9D02-7534BFC9F9B2}.Debug|x86.Build.0 = Debug|Any CPU
		{D26DD7F8-063C-4D72-9D02-7534BFC9F9B2}.Release|Any CPU.ActiveCfg = Release|Any CPU
		{D26DD7F8-063C-4D72-9D02-7534BFC9F9B2}.Release|Any CPU.Build.0 = Release|Any CPU
		{D26DD7F8-063C-4D72-9D02-7534BFC9F9B2}.Release|x64.ActiveCfg = Release|Any CPU
		{D26DD7F8-063C-4D72-9D02-7534BFC9F9B2}.Release|x64.Build.0 = Release|Any CPU
		{D26DD7F8-063C-4D72-9D02-7534BFC9F9B2}.Release|x86.ActiveCfg = Release|Any CPU
		{D26DD7F8-063C-4D72-9D02-7534BFC9F9B2}.Release|x86.Build.0 = Release|Any CPU
		{18E1B7DF-4461-4D8F-A3D6-43E058D7E8F5}.Debug|Any CPU.ActiveCfg = Debug|Any CPU
		{18E1B7DF-4461-4D8F-A3D6-43E058D7E8F5}.Debug|Any CPU.Build.0 = Debug|Any CPU
		{18E1B7DF-4461-4D8F-A3D6-43E058D7E8F5}.Debug|x64.ActiveCfg = Debug|Any CPU
		{18E1B7DF-4461-4D8F-A3D6-43E058D7E8F5}.Debug|x64.Build.0 = Debug|Any CPU
		{18E1B7DF-4461-4D8F-A3D6-43E058D7E8F5}.Debug|x86.ActiveCfg = Debug|Any CPU
		{18E1B7DF-4461-4D8F-A3D6-43E058D7E8F5}.Debug|x86.Build.0 = Debug|Any CPU
		{18E1B7DF-4461-4D8F-A3D6-43E058D7E8F5}.Release|Any CPU.ActiveCfg = Release|Any CPU
		{18E1B7DF-4461-4D8F-A3D6-43E058D7E8F5}.Release|Any CPU.Build.0 = Release|Any CPU
		{18E1B7DF-4461-4D8F-A3D6-43E058D7E8F5}.Release|x64.ActiveCfg = Release|Any CPU
		{18E1B7DF-4461-4D8F-A3D6-43E058D7E8F5}.Release|x64.Build.0 = Release|Any CPU
		{18E1B7DF-4461-4D8F-A3D6-43E058D7E8F5}.Release|x86.ActiveCfg = Release|Any CPU
		{18E1B7DF-4461-4D8F-A3D6-43E058D7E8F5}.Release|x86.Build.0 = Release|Any CPU
		{9F7E0BCF-F50C-4391-BACC-FE61CC376C22}.Debug|Any CPU.ActiveCfg = Debug|Any CPU
		{9F7E0BCF-F50C-4391-BACC-FE61CC376C22}.Debug|Any CPU.Build.0 = Debug|Any CPU
		{9F7E0BCF-F50C-4391-BACC-FE61CC376C22}.Debug|x64.ActiveCfg = Debug|Any CPU
		{9F7E0BCF-F50C-4391-BACC-FE61CC376C22}.Debug|x64.Build.0 = Debug|Any CPU
		{9F7E0BCF-F50C-4391-BACC-FE61CC376C22}.Debug|x86.ActiveCfg = Debug|Any CPU
		{9F7E0BCF-F50C-4391-BACC-FE61CC376C22}.Debug|x86.Build.0 = Debug|Any CPU
		{9F7E0BCF-F50C-4391-BACC-FE61CC376C22}.Release|Any CPU.ActiveCfg = Release|Any CPU
		{9F7E0BCF-F50C-4391-BACC-FE61CC376C22}.Release|Any CPU.Build.0 = Release|Any CPU
		{9F7E0BCF-F50C-4391-BACC-FE61CC376C22}.Release|x64.ActiveCfg = Release|Any CPU
		{9F7E0BCF-F50C-4391-BACC-FE61CC376C22}.Release|x64.Build.0 = Release|Any CPU
		{9F7E0BCF-F50C-4391-BACC-FE61CC376C22}.Release|x86.ActiveCfg = Release|Any CPU
		{9F7E0BCF-F50C-4391-BACC-FE61CC376C22}.Release|x86.Build.0 = Release|Any CPU
		{4F4B00FB-A4BD-4C89-8ECF-C5DCB047DC70}.Debug|Any CPU.ActiveCfg = Debug|Any CPU
		{4F4B00FB-A4BD-4C89-8ECF-C5DCB047DC70}.Debug|Any CPU.Build.0 = Debug|Any CPU
		{4F4B00FB-A4BD-4C89-8ECF-C5DCB047DC70}.Debug|x64.ActiveCfg = Debug|Any CPU
		{4F4B00FB-A4BD-4C89-8ECF-C5DCB047DC70}.Debug|x64.Build.0 = Debug|Any CPU
		{4F4B00FB-A4BD-4C89-8ECF-C5DCB047DC70}.Debug|x86.ActiveCfg = Debug|Any CPU
		{4F4B00FB-A4BD-4C89-8ECF-C5DCB047DC70}.Debug|x86.Build.0 = Debug|Any CPU
		{4F4B00FB-A4BD-4C89-8ECF-C5DCB047DC70}.Release|Any CPU.ActiveCfg = Release|Any CPU
		{4F4B00FB-A4BD-4C89-8ECF-C5DCB047DC70}.Release|Any CPU.Build.0 = Release|Any CPU
		{4F4B00FB-A4BD-4C89-8ECF-C5DCB047DC70}.Release|x64.ActiveCfg = Release|Any CPU
		{4F4B00FB-A4BD-4C89-8ECF-C5DCB047DC70}.Release|x64.Build.0 = Release|Any CPU
		{4F4B00FB-A4BD-4C89-8ECF-C5DCB047DC70}.Release|x86.ActiveCfg = Release|Any CPU
		{4F4B00FB-A4BD-4C89-8ECF-C5DCB047DC70}.Release|x86.Build.0 = Release|Any CPU
		{ADCBFD41-5783-4EFD-AA21-551FC3E527C0}.Debug|Any CPU.ActiveCfg = Debug|Any CPU
		{ADCBFD41-5783-4EFD-AA21-551FC3E527C0}.Debug|Any CPU.Build.0 = Debug|Any CPU
		{ADCBFD41-5783-4EFD-AA21-551FC3E527C0}.Debug|x64.ActiveCfg = Debug|Any CPU
		{ADCBFD41-5783-4EFD-AA21-551FC3E527C0}.Debug|x64.Build.0 = Debug|Any CPU
		{ADCBFD41-5783-4EFD-AA21-551FC3E527C0}.Debug|x86.ActiveCfg = Debug|Any CPU
		{ADCBFD41-5783-4EFD-AA21-551FC3E527C0}.Debug|x86.Build.0 = Debug|Any CPU
		{ADCBFD41-5783-4EFD-AA21-551FC3E527C0}.Release|Any CPU.ActiveCfg = Release|Any CPU
		{ADCBFD41-5783-4EFD-AA21-551FC3E527C0}.Release|Any CPU.Build.0 = Release|Any CPU
		{ADCBFD41-5783-4EFD-AA21-551FC3E527C0}.Release|x64.ActiveCfg = Release|Any CPU
		{ADCBFD41-5783-4EFD-AA21-551FC3E527C0}.Release|x64.Build.0 = Release|Any CPU
		{ADCBFD41-5783-4EFD-AA21-551FC3E527C0}.Release|x86.ActiveCfg = Release|Any CPU
		{ADCBFD41-5783-4EFD-AA21-551FC3E527C0}.Release|x86.Build.0 = Release|Any CPU
		{48AC4F3C-EC8D-48BB-A27F-6F0A4AD6AD95}.Debug|Any CPU.ActiveCfg = Debug|Any CPU
		{48AC4F3C-EC8D-48BB-A27F-6F0A4AD6AD95}.Debug|Any CPU.Build.0 = Debug|Any CPU
		{48AC4F3C-EC8D-48BB-A27F-6F0A4AD6AD95}.Debug|x64.ActiveCfg = Debug|Any CPU
		{48AC4F3C-EC8D-48BB-A27F-6F0A4AD6AD95}.Debug|x64.Build.0 = Debug|Any CPU
		{48AC4F3C-EC8D-48BB-A27F-6F0A4AD6AD95}.Debug|x86.ActiveCfg = Debug|Any CPU
		{48AC4F3C-EC8D-48BB-A27F-6F0A4AD6AD95}.Debug|x86.Build.0 = Debug|Any CPU
		{48AC4F3C-EC8D-48BB-A27F-6F0A4AD6AD95}.Release|Any CPU.ActiveCfg = Release|Any CPU
		{48AC4F3C-EC8D-48BB-A27F-6F0A4AD6AD95}.Release|Any CPU.Build.0 = Release|Any CPU
		{48AC4F3C-EC8D-48BB-A27F-6F0A4AD6AD95}.Release|x64.ActiveCfg = Release|Any CPU
		{48AC4F3C-EC8D-48BB-A27F-6F0A4AD6AD95}.Release|x64.Build.0 = Release|Any CPU
		{48AC4F3C-EC8D-48BB-A27F-6F0A4AD6AD95}.Release|x86.ActiveCfg = Release|Any CPU
		{48AC4F3C-EC8D-48BB-A27F-6F0A4AD6AD95}.Release|x86.Build.0 = Release|Any CPU
		{A70309E6-BCA0-4C5E-BFEA-8C82E0679606}.Debug|Any CPU.ActiveCfg = Debug|Any CPU
		{A70309E6-BCA0-4C5E-BFEA-8C82E0679606}.Debug|Any CPU.Build.0 = Debug|Any CPU
		{A70309E6-BCA0-4C5E-BFEA-8C82E0679606}.Debug|x64.ActiveCfg = Debug|Any CPU
		{A70309E6-BCA0-4C5E-BFEA-8C82E0679606}.Debug|x64.Build.0 = Debug|Any CPU
		{A70309E6-BCA0-4C5E-BFEA-8C82E0679606}.Debug|x86.ActiveCfg = Debug|Any CPU
		{A70309E6-BCA0-4C5E-BFEA-8C82E0679606}.Debug|x86.Build.0 = Debug|Any CPU
		{A70309E6-BCA0-4C5E-BFEA-8C82E0679606}.Release|Any CPU.ActiveCfg = Release|Any CPU
		{A70309E6-BCA0-4C5E-BFEA-8C82E0679606}.Release|Any CPU.Build.0 = Release|Any CPU
		{A70309E6-BCA0-4C5E-BFEA-8C82E0679606}.Release|x64.ActiveCfg = Release|Any CPU
		{A70309E6-BCA0-4C5E-BFEA-8C82E0679606}.Release|x64.Build.0 = Release|Any CPU
		{A70309E6-BCA0-4C5E-BFEA-8C82E0679606}.Release|x86.ActiveCfg = Release|Any CPU
		{A70309E6-BCA0-4C5E-BFEA-8C82E0679606}.Release|x86.Build.0 = Release|Any CPU
		{AE949C39-116B-4A4D-8E1D-D7AB19982474}.Debug|Any CPU.ActiveCfg = Debug|Any CPU
		{AE949C39-116B-4A4D-8E1D-D7AB19982474}.Debug|Any CPU.Build.0 = Debug|Any CPU
		{AE949C39-116B-4A4D-8E1D-D7AB19982474}.Debug|x64.ActiveCfg = Debug|Any CPU
		{AE949C39-116B-4A4D-8E1D-D7AB19982474}.Debug|x64.Build.0 = Debug|Any CPU
		{AE949C39-116B-4A4D-8E1D-D7AB19982474}.Debug|x86.ActiveCfg = Debug|Any CPU
		{AE949C39-116B-4A4D-8E1D-D7AB19982474}.Debug|x86.Build.0 = Debug|Any CPU
		{AE949C39-116B-4A4D-8E1D-D7AB19982474}.Release|Any CPU.ActiveCfg = Release|Any CPU
		{AE949C39-116B-4A4D-8E1D-D7AB19982474}.Release|Any CPU.Build.0 = Release|Any CPU
		{AE949C39-116B-4A4D-8E1D-D7AB19982474}.Release|x64.ActiveCfg = Release|Any CPU
		{AE949C39-116B-4A4D-8E1D-D7AB19982474}.Release|x64.Build.0 = Release|Any CPU
		{AE949C39-116B-4A4D-8E1D-D7AB19982474}.Release|x86.ActiveCfg = Release|Any CPU
		{AE949C39-116B-4A4D-8E1D-D7AB19982474}.Release|x86.Build.0 = Release|Any CPU
	EndGlobalSection
	GlobalSection(NestedProjects) = preSolution
		{1015A6F7-CF59-4634-80A3-4A957353B205} = {533107FA-FCD1-4147-84A9-F77C1BBA3638}
		{D26DD7F8-063C-4D72-9D02-7534BFC9F9B2} = {533107FA-FCD1-4147-84A9-F77C1BBA3638}
		{18E1B7DF-4461-4D8F-A3D6-43E058D7E8F5} = {533107FA-FCD1-4147-84A9-F77C1BBA3638}
		{9F7E0BCF-F50C-4391-BACC-FE61CC376C22} = {63D86219-3996-4E7A-92B1-DD27773A1FD2}
		{4F4B00FB-A4BD-4C89-8ECF-C5DCB047DC70} = {63D86219-3996-4E7A-92B1-DD27773A1FD2}
		{ADCBFD41-5783-4EFD-AA21-551FC3E527C0} = {7DC4AE31-6A26-4B4D-815A-029D735369FE}
		{48AC4F3C-EC8D-48BB-A27F-6F0A4AD6AD95} = {7DC4AE31-6A26-4B4D-815A-029D735369FE}
		{A70309E6-BCA0-4C5E-BFEA-8C82E0679606} = {7DC4AE31-6A26-4B4D-815A-029D735369FE}
		{AE949C39-116B-4A4D-8E1D-D7AB19982474} = {7E8B11EE-FE3A-413A-A1CD-C5F3DE46C30B}
	EndGlobalSection
EndGlobal
